// !$*UTF8*$!
{
	archiveVersion = 1;
	classes = {
	};
	objectVersion = 46;
	objects = {

/* Begin PBXBuildFile section */
		1470A8971C1793F10014A56F /* AppDelegate.swift in Sources */ = {isa = PBXBuildFile; fileRef = 1470A8961C1793F10014A56F /* AppDelegate.swift */; };
		1470A8991C1793F10014A56F /* ViewController.swift in Sources */ = {isa = PBXBuildFile; fileRef = 1470A8981C1793F10014A56F /* ViewController.swift */; };
		1470A89C1C1793F10014A56F /* Main.storyboard in Resources */ = {isa = PBXBuildFile; fileRef = 1470A89A1C1793F10014A56F /* Main.storyboard */; };
		1470A89E1C1793F10014A56F /* Assets.xcassets in Resources */ = {isa = PBXBuildFile; fileRef = 1470A89D1C1793F10014A56F /* Assets.xcassets */; };
		1470A8A11C1793F10014A56F /* LaunchScreen.storyboard in Resources */ = {isa = PBXBuildFile; fileRef = 1470A89F1C1793F10014A56F /* LaunchScreen.storyboard */; };
/* End PBXBuildFile section */

/* Begin PBXFileReference section */
		1470A8931C1793F10014A56F /* Accessible Slider.app */ = {isa = PBXFileReference; explicitFileType = wrapper.application; includeInIndex = 0; path = "Accessible Slider.app"; sourceTree = BUILT_PRODUCTS_DIR; };
		1470A8961C1793F10014A56F /* AppDelegate.swift */ = {isa = PBXFileReference; lastKnownFileType = sourcecode.swift; path = AppDelegate.swift; sourceTree = "<group>"; };
		1470A8981C1793F10014A56F /* ViewController.swift */ = {isa = PBXFileReference; lastKnownFileType = sourcecode.swift; path = ViewController.swift; sourceTree = "<group>"; };
		1470A89B1C1793F10014A56F /* Base */ = {isa = PBXFileReference; lastKnownFileType = file.storyboard; name = Base; path = Base.lproj/Main.storyboard; sourceTree = "<group>"; };
		1470A89D1C1793F10014A56F /* Assets.xcassets */ = {isa = PBXFileReference; lastKnownFileType = folder.assetcatalog; path = Assets.xcassets; sourceTree = "<group>"; };
		1470A8A01C1793F10014A56F /* Base */ = {isa = PBXFileReference; lastKnownFileType = file.storyboard; name = Base; path = Base.lproj/LaunchScreen.storyboard; sourceTree = "<group>"; };
		1470A8A21C1793F10014A56F /* Info.plist */ = {isa = PBXFileReference; lastKnownFileType = text.plist.xml; path = Info.plist; sourceTree = "<group>"; };
/* End PBXFileReference section */

/* Begin PBXFrameworksBuildPhase section */
		1470A8901C1793F10014A56F /* Frameworks */ = {
			isa = PBXFrameworksBuildPhase;
			buildActionMask = 2147483647;
			files = (
			);
			runOnlyForDeploymentPostprocessing = 0;
		};
/* End PBXFrameworksBuildPhase section */

/* Begin PBXGroup section */
		1470A88A1C1793F10014A56F = {
			isa = PBXGroup;
			children = (
				1470A8951C1793F10014A56F /* Accessible Slider */,
				1470A8941C1793F10014A56F /* Products */,
			);
			sourceTree = "<group>";
			wrapsLines = 1;
		};
		1470A8941C1793F10014A56F /* Products */ = {
			isa = PBXGroup;
			children = (
				1470A8931C1793F10014A56F /* Accessible Slider.app */,
			);
			name = Products;
			sourceTree = "<group>";
		};
		1470A8951C1793F10014A56F /* Accessible Slider */ = {
			isa = PBXGroup;
			children = (
				1470A8961C1793F10014A56F /* AppDelegate.swift */,
				1470A8981C1793F10014A56F /* ViewController.swift */,
				1470A89A1C1793F10014A56F /* Main.storyboard */,
				1470A89D1C1793F10014A56F /* Assets.xcassets */,
				1470A89F1C1793F10014A56F /* LaunchScreen.storyboard */,
				1470A8A21C1793F10014A56F /* Info.plist */,
			);
			path = "Accessible Slider";
			sourceTree = "<group>";
		};
/* End PBXGroup section */

/* Begin PBXNativeTarget section */
		1470A8921C1793F10014A56F /* Accessible Slider */ = {
			isa = PBXNativeTarget;
			buildConfigurationList = 1470A8A51C1793F10014A56F /* Build configuration list for PBXNativeTarget "Accessible Slider" */;
			buildPhases = (
				1470A88F1C1793F10014A56F /* Sources */,
				1470A8901C1793F10014A56F /* Frameworks */,
				1470A8911C1793F10014A56F /* Resources */,
			);
			buildRules = (
			);
			dependencies = (
			);
			name = "Accessible Slider";
			productName = "Accessible Slider";
			productReference = 1470A8931C1793F10014A56F /* Accessible Slider.app */;
			productType = "com.apple.product-type.application";
		};
/* End PBXNativeTarget section */

/* Begin PBXProject section */
		1470A88B1C1793F10014A56F /* Project object */ = {
			isa = PBXProject;
			attributes = {
				LastSwiftUpdateCheck = 0710;
				LastUpgradeCheck = 0710;
				ORGANIZATIONNAME = pogul;
				TargetAttributes = {
					1470A8921C1793F10014A56F = {
						CreatedOnToolsVersion = 7.1.1;
					};
				};
			};
			buildConfigurationList = 1470A88E1C1793F10014A56F /* Build configuration list for PBXProject "Accessible Slider" */;
			compatibilityVersion = "Xcode 3.2";
			developmentRegion = English;
			hasScannedForEncodings = 0;
			knownRegions = (
				en,
				Base,
			);
			mainGroup = 1470A88A1C1793F10014A56F;
			productRefGroup = 1470A8941C1793F10014A56F /* Products */;
			projectDirPath = "";
			projectRoot = "";
			targets = (
				1470A8921C1793F10014A56F /* Accessible Slider */,
			);
		};
/* End PBXProject section */

/* Begin PBXResourcesBuildPhase section */
		1470A8911C1793F10014A56F /* Resources */ = {
			isa = PBXResourcesBuildPhase;
			buildActionMask = 2147483647;
			files = (
				1470A8A11C1793F10014A56F /* LaunchScreen.storyboard in Resources */,
				1470A89E1C1793F10014A56F /* Assets.xcassets in Resources */,
				1470A89C1C1793F10014A56F /* Main.storyboard in Resources */,
			);
			runOnlyForDeploymentPostprocessing = 0;
		};
/* End PBXResourcesBuildPhase section */

/* Begin PBXSourcesBuildPhase section */
		1470A88F1C1793F10014A56F /* Sources */ = {
			isa = PBXSourcesBuildPhase;
			buildActionMask = 2147483647;
			files = (
				1470A8991C1793F10014A56F /* ViewController.swift in Sources */,
				1470A8971C1793F10014A56F /* AppDelegate.swift in Sources */,
			);
			runOnlyForDeploymentPostprocessing = 0;
		};
/* End PBXSourcesBuildPhase section */

/* Begin PBXVariantGroup section */
		1470A89A1C1793F10014A56F /* Main.storyboard */ = {
			isa = PBXVariantGroup;
			children = (
				1470A89B1C1793F10014A56F /* Base */,
			);
			name = Main.storyboard;
			sourceTree = "<group>";
		};
		1470A89F1C1793F10014A56F /* LaunchScreen.storyboard */ = {
			isa = PBXVariantGroup;
			children = (
				1470A8A01C1793F10014A56F /* Base */,
			);
			name = LaunchScreen.storyboard;
			sourceTree = "<group>";
		};
/* End PBXVariantGroup section */

/* Begin XCBuildConfiguration section */
		1470A8A31C1793F10014A56F /* Debug */ = {
			isa = XCBuildConfiguration;
			buildSettings = {
				ALWAYS_SEARCH_USER_PATHS = NO;
				CLANG_CXX_LANGUAGE_STANDARD = "gnu++0x";
				CLANG_CXX_LIBRARY = "libc++";
				CLANG_ENABLE_MODULES = YES;
				CLANG_ENABLE_OBJC_ARC = YES;
				CLANG_WARN_BOOL_CONVERSION = YES;
				CLANG_WARN_CONSTANT_CONVERSION = YES;
				CLANG_WARN_DIRECT_OBJC_ISA_USAGE = YES_ERROR;
				CLANG_WARN_EMPTY_BODY = YES;
				CLANG_WARN_ENUM_CONVERSION = YES;
				CLANG_WARN_INT_CONVERSION = YES;
				CLANG_WARN_OBJC_ROOT_CLASS = YES_ERROR;
				CLANG_WARN_UNREACHABLE_CODE = YES;
				CLANG_WARN__DUPLICATE_METHOD_MATCH = YES;
				"CODE_SIGN_IDENTITY[sdk=iphoneos*]" = "iPhone Developer";
				COPY_PHASE_STRIP = NO;
				DEBUG_INFORMATION_FORMAT = dwarf;
				ENABLE_STRICT_OBJC_MSGSEND = YES;
				ENABLE_TESTABILITY = YES;
				GCC_C_LANGUAGE_STANDARD = gnu99;
				GCC_DYNAMIC_NO_PIC = NO;
				GCC_NO_COMMON_BLOCKS = YES;
				GCC_OPTIMIZATION_LEVEL = 0;
				GCC_PREPROCESSOR_DEFINITIONS = (
					"DEBUG=1",
					"$(inherited)",
				);
				GCC_WARN_64_TO_32_BIT_CONVERSION = YES;
				GCC_WARN_ABOUT_RETURN_TYPE = YES_ERROR;
				GCC_WARN_UNDECLARED_SELECTOR = YES;
				GCC_WARN_UNINITIALIZED_AUTOS = YES_AGGRESSIVE;
				GCC_WARN_UNUSED_FUNCTION = YES;
				GCC_WARN_UNUSED_VARIABLE = YES;
				IPHONEOS_DEPLOYMENT_TARGET = 9.0;
				MTL_ENABLE_DEBUG_INFO = YES;
				ONLY_ACTIVE_ARCH = YES;
				SDKROOT = iphoneos;
				SWIFT_OPTIMIZATION_LEVEL = "-Onone";
				TARGETED_DEVICE_FAMILY = "1,2";
			};
			name = Debug;
		};
		1470A8A41C1793F10014A56F /* Release */ = {
			isa = XCBuildConfiguration;
			buildSettings = {
				ALWAYS_SEARCH_USER_PATHS = NO;
				CLANG_CXX_LANGUAGE_STANDARD = "gnu++0x";
				CLANG_CXX_LIBRARY = "libc++";
				CLANG_ENABLE_MODULES = YES;
				CLANG_ENABLE_OBJC_ARC = YES;
				CLANG_WARN_BOOL_CONVERSION = YES;
				CLANG_WARN_CONSTANT_CONVERSION = YES;
				CLANG_WARN_DIRECT_OBJC_ISA_USAGE = YES_ERROR;
				CLANG_WARN_EMPTY_BODY = YES;
				CLANG_WARN_ENUM_CONVERSION = YES;
				CLANG_WARN_INT_CONVERSION = YES;
				CLANG_WARN_OBJC_ROOT_CLASS = YES_ERROR;
				CLANG_WARN_UNREACHABLE_CODE = YES;
				CLANG_WARN__DUPLICATE_METHOD_MATCH = YES;
				"CODE_SIGN_IDENTITY[sdk=iphoneos*]" = "iPhone Developer";
				COPY_PHASE_STRIP = NO;
				DEBUG_INFORMATION_FORMAT = "dwarf-with-dsym";
				ENABLE_NS_ASSERTIONS = NO;
				ENABLE_STRICT_OBJC_MSGSEND = YES;
				GCC_C_LANGUAGE_STANDARD = gnu99;
				GCC_NO_COMMON_BLOCKS = YES;
				GCC_WARN_64_TO_32_BIT_CONVERSION = YES;
				GCC_WARN_ABOUT_RETURN_TYPE = YES_ERROR;
				GCC_WARN_UNDECLARED_SELECTOR = YES;
				GCC_WARN_UNINITIALIZED_AUTOS = YES_AGGRESSIVE;
				GCC_WARN_UNUSED_FUNCTION = YES;
				GCC_WARN_UNUSED_VARIABLE = YES;
				IPHONEOS_DEPLOYMENT_TARGET = 9.0;
				MTL_ENABLE_DEBUG_INFO = NO;
				SDKROOT = iphoneos;
				TARGETED_DEVICE_FAMILY = "1,2";
				VALIDATE_PRODUCT = YES;
			};
			name = Release;
		};
		1470A8A61C1793F10014A56F /* Debug */ = {
			isa = XCBuildConfiguration;
			buildSettings = {
				ASSETCATALOG_COMPILER_APPICON_NAME = AppIcon;
				INFOPLIST_FILE = "Accessible Slider/Info.plist";
				LD_RUNPATH_SEARCH_PATHS = "$(inherited) @executable_path/Frameworks";
				PRODUCT_BUNDLE_IDENTIFIER = "com.pogul.Accessible-Slider";
				PRODUCT_NAME = "$(TARGET_NAME)";
			};
			name = Debug;
		};
		1470A8A71C1793F10014A56F /* Release */ = {
			isa = XCBuildConfiguration;
			buildSettings = {
				ASSETCATALOG_COMPILER_APPICON_NAME = AppIcon;
				INFOPLIST_FILE = "Accessible Slider/Info.plist";
				LD_RUNPATH_SEARCH_PATHS = "$(inherited) @executable_path/Frameworks";
				PRODUCT_BUNDLE_IDENTIFIER = "com.pogul.Accessible-Slider";
				PRODUCT_NAME = "$(TARGET_NAME)";
			};
			name = Release;
		};
/* End XCBuildConfiguration section */

/* Begin XCConfigurationList section */
		1470A88E1C1793F10014A56F /* Build configuration list for PBXProject "Accessible Slider" */ = {
			isa = XCConfigurationList;
			buildConfigurations = (
				1470A8A31C1793F10014A56F /* Debug */,
				1470A8A41C1793F10014A56F /* Release */,
			);
			defaultConfigurationIsVisible = 0;
			defaultConfigurationName = Release;
		};
		1470A8A51C1793F10014A56F /* Build configuration list for PBXNativeTarget "Accessible Slider" */ = {
			isa = XCConfigurationList;
			buildConfigurations = (
				1470A8A61C1793F10014A56F /* Debug */,
				1470A8A71C1793F10014A56F /* Release */,
			);
			defaultConfigurationIsVisible = 0;
			defaultConfigurationName = Release;
		};
/* End XCConfigurationList section */
	};
	rootObject = 1470A88B1C1793F10014A56F /* Project object */;
}
